// !$*UTF8*$!
{
	archiveVersion = 1;
	classes = {
	};
	objectVersion = 46;
	objects = {

/* Begin PBXBuildFile section */
		340826D91DF243CF0060A44F /* MyProfileViewController.swift in Sources */ = {isa = PBXBuildFile; fileRef = 340826D81DF243CF0060A44F /* MyProfileViewController.swift */; };
		340826DB1DF251140060A44F /* GithubService.swift in Sources */ = {isa = PBXBuildFile; fileRef = 340826DA1DF251140060A44F /* GithubService.swift */; };
		340826DD1DF252930060A44F /* MyProfile.swift in Sources */ = {isa = PBXBuildFile; fileRef = 340826DC1DF252930060A44F /* MyProfile.swift */; };
		340826DF1DF255610060A44F /* JSONParsingService.swift in Sources */ = {isa = PBXBuildFile; fileRef = 340826DE1DF255610060A44F /* JSONParsingService.swift */; };
		340826E31DF524000060A44F /* ImageDownloader.swift in Sources */ = {isa = PBXBuildFile; fileRef = 340826E21DF524000060A44F /* ImageDownloader.swift */; };
		340826E51DF530850060A44F /* MyProfileRepos.swift in Sources */ = {isa = PBXBuildFile; fileRef = 340826E41DF530850060A44F /* MyProfileRepos.swift */; };
		340826E91DF7756D0060A44F /* MyProfileTableViewCell.swift in Sources */ = {isa = PBXBuildFile; fileRef = 340826E81DF7756D0060A44F /* MyProfileTableViewCell.swift */; };
		340826EB1DF8CC540060A44F /* GitHubSearchViewController.swift in Sources */ = {isa = PBXBuildFile; fileRef = 340826EA1DF8CC540060A44F /* GitHubSearchViewController.swift */; };
		340826ED1DF8E44C0060A44F /* User.swift in Sources */ = {isa = PBXBuildFile; fileRef = 340826EC1DF8E44C0060A44F /* User.swift */; };
		340826EF1DF8E45C0060A44F /* Repos.swift in Sources */ = {isa = PBXBuildFile; fileRef = 340826EE1DF8E45C0060A44F /* Repos.swift */; };
		3416ABEA1DF0AE5800627EF6 /* AppDelegate.swift in Sources */ = {isa = PBXBuildFile; fileRef = 3416ABE91DF0AE5800627EF6 /* AppDelegate.swift */; };
		3416ABF11DF0AE5800627EF6 /* Assets.xcassets in Resources */ = {isa = PBXBuildFile; fileRef = 3416ABF01DF0AE5800627EF6 /* Assets.xcassets */; };
		3416ABF41DF0AE5800627EF6 /* LaunchScreen.storyboard in Resources */ = {isa = PBXBuildFile; fileRef = 3416ABF21DF0AE5800627EF6 /* LaunchScreen.storyboard */; };
		3416ABFF1DF0AE5800627EF6 /* GithubClientTests.swift in Sources */ = {isa = PBXBuildFile; fileRef = 3416ABFE1DF0AE5800627EF6 /* GithubClientTests.swift */; };
		3416AC0A1DF0AE5800627EF6 /* GithubClientUITests.swift in Sources */ = {isa = PBXBuildFile; fileRef = 3416AC091DF0AE5800627EF6 /* GithubClientUITests.swift */; };
		3416AC1B1DF0B85C00627EF6 /* Keys.swift in Sources */ = {isa = PBXBuildFile; fileRef = 3416AC1A1DF0B85C00627EF6 /* Keys.swift */; };
		3416AC201DF0C1C700627EF6 /* OAuthViewController.swift in Sources */ = {isa = PBXBuildFile; fileRef = 3416AC1F1DF0C1C700627EF6 /* OAuthViewController.swift */; };
		3416AC221DF0C1F200627EF6 /* SignInViewController.swift in Sources */ = {isa = PBXBuildFile; fileRef = 3416AC211DF0C1F200627EF6 /* SignInViewController.swift */; };
		3416AC271DF1266900627EF6 /* OAuthService.swift in Sources */ = {isa = PBXBuildFile; fileRef = 3416AC261DF1266900627EF6 /* OAuthService.swift */; };
		3416AC291DF1447400627EF6 /* Main.storyboard in Resources */ = {isa = PBXBuildFile; fileRef = 3416AC281DF1447400627EF6 /* Main.storyboard */; };
		34FED6281DFA135500511082 /* RepoSearchUIViewController.swift in Sources */ = {isa = PBXBuildFile; fileRef = 34FED6271DFA135500511082 /* RepoSearchUIViewController.swift */; };
		34FED62C1DFA2C0200511082 /* RepoTableViewCell.swift in Sources */ = {isa = PBXBuildFile; fileRef = 34FED62B1DFA2C0200511082 /* RepoTableViewCell.swift */; };
		34FED62E1DFA414800511082 /* UserSearchCollectionViewController.swift in Sources */ = {isa = PBXBuildFile; fileRef = 34FED62D1DFA414800511082 /* UserSearchCollectionViewController.swift */; };
		34FED6301DFA451900511082 /* UserCollectionViewCell.swift in Sources */ = {isa = PBXBuildFile; fileRef = 34FED62F1DFA451900511082 /* UserCollectionViewCell.swift */; };
		34FED6321DFA481A00511082 /* UserSearch.swift in Sources */ = {isa = PBXBuildFile; fileRef = 34FED6311DFA481A00511082 /* UserSearch.swift */; };
		34FED6341DFB460900511082 /* ImageCache.swift in Sources */ = {isa = PBXBuildFile; fileRef = 34FED6331DFB460900511082 /* ImageCache.swift */; };
		34FED6371DFBA29900511082 /* UserViewController.swift in Sources */ = {isa = PBXBuildFile; fileRef = 34FED6361DFBA29900511082 /* UserViewController.swift */; };
/* End PBXBuildFile section */

/* Begin PBXContainerItemProxy section */
		3416ABFB1DF0AE5800627EF6 /* PBXContainerItemProxy */ = {
			isa = PBXContainerItemProxy;
			containerPortal = 3416ABDE1DF0AE5800627EF6 /* Project object */;
			proxyType = 1;
			remoteGlobalIDString = 3416ABE51DF0AE5800627EF6;
			remoteInfo = GithubClient;
		};
		3416AC061DF0AE5800627EF6 /* PBXContainerItemProxy */ = {
			isa = PBXContainerItemProxy;
			containerPortal = 3416ABDE1DF0AE5800627EF6 /* Project object */;
			proxyType = 1;
			remoteGlobalIDString = 3416ABE51DF0AE5800627EF6;
			remoteInfo = GithubClient;
		};
/* End PBXContainerItemProxy section */

/* Begin PBXFileReference section */
		340826D81DF243CF0060A44F /* MyProfileViewController.swift */ = {isa = PBXFileReference; fileEncoding = 4; lastKnownFileType = sourcecode.swift; path = MyProfileViewController.swift; sourceTree = "<group>"; };
		340826DA1DF251140060A44F /* GithubService.swift */ = {isa = PBXFileReference; fileEncoding = 4; lastKnownFileType = sourcecode.swift; path = GithubService.swift; sourceTree = "<group>"; };
		340826DC1DF252930060A44F /* MyProfile.swift */ = {isa = PBXFileReference; fileEncoding = 4; lastKnownFileType = sourcecode.swift; path = MyProfile.swift; sourceTree = "<group>"; };
		340826DE1DF255610060A44F /* JSONParsingService.swift */ = {isa = PBXFileReference; fileEncoding = 4; lastKnownFileType = sourcecode.swift; path = JSONParsingService.swift; sourceTree = "<group>"; };
		340826E21DF524000060A44F /* ImageDownloader.swift */ = {isa = PBXFileReference; fileEncoding = 4; lastKnownFileType = sourcecode.swift; path = ImageDownloader.swift; sourceTree = "<group>"; };
		340826E41DF530850060A44F /* MyProfileRepos.swift */ = {isa = PBXFileReference; fileEncoding = 4; lastKnownFileType = sourcecode.swift; path = MyProfileRepos.swift; sourceTree = "<group>"; };
		340826E81DF7756D0060A44F /* MyProfileTableViewCell.swift */ = {isa = PBXFileReference; fileEncoding = 4; lastKnownFileType = sourcecode.swift; path = MyProfileTableViewCell.swift; sourceTree = "<group>"; };
		340826EA1DF8CC540060A44F /* GitHubSearchViewController.swift */ = {isa = PBXFileReference; fileEncoding = 4; lastKnownFileType = sourcecode.swift; path = GitHubSearchViewController.swift; sourceTree = "<group>"; };
		340826EC1DF8E44C0060A44F /* User.swift */ = {isa = PBXFileReference; fileEncoding = 4; lastKnownFileType = sourcecode.swift; path = User.swift; sourceTree = "<group>"; };
		340826EE1DF8E45C0060A44F /* Repos.swift */ = {isa = PBXFileReference; fileEncoding = 4; lastKnownFileType = sourcecode.swift; path = Repos.swift; sourceTree = "<group>"; };
		3416ABE61DF0AE5800627EF6 /* GithubClient.app */ = {isa = PBXFileReference; explicitFileType = wrapper.application; includeInIndex = 0; path = GithubClient.app; sourceTree = BUILT_PRODUCTS_DIR; };
		3416ABE91DF0AE5800627EF6 /* AppDelegate.swift */ = {isa = PBXFileReference; lastKnownFileType = sourcecode.swift; path = AppDelegate.swift; sourceTree = "<group>"; };
		3416ABF01DF0AE5800627EF6 /* Assets.xcassets */ = {isa = PBXFileReference; lastKnownFileType = folder.assetcatalog; path = Assets.xcassets; sourceTree = "<group>"; };
		3416ABF31DF0AE5800627EF6 /* Base */ = {isa = PBXFileReference; lastKnownFileType = file.storyboard; name = Base; path = Base.lproj/LaunchScreen.storyboard; sourceTree = "<group>"; };
		3416ABF51DF0AE5800627EF6 /* Info.plist */ = {isa = PBXFileReference; lastKnownFileType = text.plist.xml; path = Info.plist; sourceTree = "<group>"; };
		3416ABFA1DF0AE5800627EF6 /* GithubClientTests.xctest */ = {isa = PBXFileReference; explicitFileType = wrapper.cfbundle; includeInIndex = 0; path = GithubClientTests.xctest; sourceTree = BUILT_PRODUCTS_DIR; };
		3416ABFE1DF0AE5800627EF6 /* GithubClientTests.swift */ = {isa = PBXFileReference; lastKnownFileType = sourcecode.swift; path = GithubClientTests.swift; sourceTree = "<group>"; };
		3416AC001DF0AE5800627EF6 /* Info.plist */ = {isa = PBXFileReference; lastKnownFileType = text.plist.xml; path = Info.plist; sourceTree = "<group>"; };
		3416AC051DF0AE5800627EF6 /* GithubClientUITests.xctest */ = {isa = PBXFileReference; explicitFileType = wrapper.cfbundle; includeInIndex = 0; path = GithubClientUITests.xctest; sourceTree = BUILT_PRODUCTS_DIR; };
		3416AC091DF0AE5800627EF6 /* GithubClientUITests.swift */ = {isa = PBXFileReference; lastKnownFileType = sourcecode.swift; path = GithubClientUITests.swift; sourceTree = "<group>"; };
		3416AC0B1DF0AE5800627EF6 /* Info.plist */ = {isa = PBXFileReference; lastKnownFileType = text.plist.xml; path = Info.plist; sourceTree = "<group>"; };
		3416AC1A1DF0B85C00627EF6 /* Keys.swift */ = {isa = PBXFileReference; fileEncoding = 4; lastKnownFileType = sourcecode.swift; path = Keys.swift; sourceTree = "<group>"; };
		3416AC1F1DF0C1C700627EF6 /* OAuthViewController.swift */ = {isa = PBXFileReference; fileEncoding = 4; lastKnownFileType = sourcecode.swift; path = OAuthViewController.swift; sourceTree = "<group>"; };
		3416AC211DF0C1F200627EF6 /* SignInViewController.swift */ = {isa = PBXFileReference; fileEncoding = 4; lastKnownFileType = sourcecode.swift; path = SignInViewController.swift; sourceTree = "<group>"; };
		3416AC261DF1266900627EF6 /* OAuthService.swift */ = {isa = PBXFileReference; fileEncoding = 4; lastKnownFileType = sourcecode.swift; path = OAuthService.swift; sourceTree = "<group>"; };
		3416AC281DF1447400627EF6 /* Main.storyboard */ = {isa = PBXFileReference; fileEncoding = 4; lastKnownFileType = file.storyboard; path = Main.storyboard; sourceTree = "<group>"; };
		34FED6271DFA135500511082 /* RepoSearchUIViewController.swift */ = {isa = PBXFileReference; fileEncoding = 4; lastKnownFileType = sourcecode.swift; path = RepoSearchUIViewController.swift; sourceTree = "<group>"; };
		34FED62B1DFA2C0200511082 /* RepoTableViewCell.swift */ = {isa = PBXFileReference; fileEncoding = 4; lastKnownFileType = sourcecode.swift; path = RepoTableViewCell.swift; sourceTree = "<group>"; };
		34FED62D1DFA414800511082 /* UserSearchCollectionViewController.swift */ = {isa = PBXFileReference; fileEncoding = 4; lastKnownFileType = sourcecode.swift; path = UserSearchCollectionViewController.swift; sourceTree = "<group>"; };
		34FED62F1DFA451900511082 /* UserCollectionViewCell.swift */ = {isa = PBXFileReference; fileEncoding = 4; lastKnownFileType = sourcecode.swift; path = UserCollectionViewCell.swift; sourceTree = "<group>"; };
		34FED6311DFA481A00511082 /* UserSearch.swift */ = {isa = PBXFileReference; fileEncoding = 4; lastKnownFileType = sourcecode.swift; path = UserSearch.swift; sourceTree = "<group>"; };
		34FED6331DFB460900511082 /* ImageCache.swift */ = {isa = PBXFileReference; fileEncoding = 4; lastKnownFileType = sourcecode.swift; path = ImageCache.swift; sourceTree = "<group>"; };
		34FED6361DFBA29900511082 /* UserViewController.swift */ = {isa = PBXFileReference; fileEncoding = 4; lastKnownFileType = sourcecode.swift; path = UserViewController.swift; sourceTree = "<group>"; };
/* End PBXFileReference section */

/* Begin PBXFrameworksBuildPhase section */
		3416ABE31DF0AE5800627EF6 /* Frameworks */ = {
			isa = PBXFrameworksBuildPhase;
			buildActionMask = 2147483647;
			files = (
			);
			runOnlyForDeploymentPostprocessing = 0;
		};
		3416ABF71DF0AE5800627EF6 /* Frameworks */ = {
			isa = PBXFrameworksBuildPhase;
			buildActionMask = 2147483647;
			files = (
			);
			runOnlyForDeploymentPostprocessing = 0;
		};
		3416AC021DF0AE5800627EF6 /* Frameworks */ = {
			isa = PBXFrameworksBuildPhase;
			buildActionMask = 2147483647;
			files = (
			);
			runOnlyForDeploymentPostprocessing = 0;
		};
/* End PBXFrameworksBuildPhase section */

/* Begin PBXGroup section */
		340826E11DF523EA0060A44F /* Model */ = {
			isa = PBXGroup;
			children = (
				340826DC1DF252930060A44F /* MyProfile.swift */,
				340826E41DF530850060A44F /* MyProfileRepos.swift */,
				340826EC1DF8E44C0060A44F /* User.swift */,
				34FED6311DFA481A00511082 /* UserSearch.swift */,
				340826EE1DF8E45C0060A44F /* Repos.swift */,
			);
			name = Model;
			sourceTree = "<group>";
		};
		3416ABDD1DF0AE5800627EF6 = {
			isa = PBXGroup;
			children = (
				3416ABE81DF0AE5800627EF6 /* GithubClient */,
				3416ABFD1DF0AE5800627EF6 /* GithubClientTests */,
				3416AC081DF0AE5800627EF6 /* GithubClientUITests */,
				3416ABE71DF0AE5800627EF6 /* Products */,
			);
			sourceTree = "<group>";
		};
		3416ABE71DF0AE5800627EF6 /* Products */ = {
			isa = PBXGroup;
			children = (
				3416ABE61DF0AE5800627EF6 /* GithubClient.app */,
				3416ABFA1DF0AE5800627EF6 /* GithubClientTests.xctest */,
				3416AC051DF0AE5800627EF6 /* GithubClientUITests.xctest */,
			);
			name = Products;
			sourceTree = "<group>";
		};
		3416ABE81DF0AE5800627EF6 /* GithubClient */ = {
			isa = PBXGroup;
			children = (
				340826E11DF523EA0060A44F /* Model */,
				3416ABE91DF0AE5800627EF6 /* AppDelegate.swift */,
				3416AC231DF0C67A00627EF6 /* View Controllers */,
				3416AC251DF1264E00627EF6 /* Services */,
				3416AC241DF0C6A100627EF6 /* View */,
				3416AC1C1DF0B92800627EF6 /* Supporting Files */,
			);
			path = GithubClient;
			sourceTree = "<group>";
		};
		3416ABFD1DF0AE5800627EF6 /* GithubClientTests */ = {
			isa = PBXGroup;
			children = (
				3416ABFE1DF0AE5800627EF6 /* GithubClientTests.swift */,
				3416AC001DF0AE5800627EF6 /* Info.plist */,
			);
			path = GithubClientTests;
			sourceTree = "<group>";
		};
		3416AC081DF0AE5800627EF6 /* GithubClientUITests */ = {
			isa = PBXGroup;
			children = (
				3416AC091DF0AE5800627EF6 /* GithubClientUITests.swift */,
				3416AC0B1DF0AE5800627EF6 /* Info.plist */,
			);
			path = GithubClientUITests;
			sourceTree = "<group>";
		};
		3416AC1C1DF0B92800627EF6 /* Supporting Files */ = {
			isa = PBXGroup;
			children = (
				3416ABF51DF0AE5800627EF6 /* Info.plist */,
				3416AC1A1DF0B85C00627EF6 /* Keys.swift */,
			);
			name = "Supporting Files";
			sourceTree = "<group>";
		};
		3416AC231DF0C67A00627EF6 /* View Controllers */ = {
			isa = PBXGroup;
			children = (
				34FED6291DFA1F1500511082 /* Sign in and Authentication */,
				34FED6351DFBA27D00511082 /* Profile View Controllers */,
				34FED62A1DFA1F2D00511082 /* Search View Controllers */,
			);
			name = "View Controllers";
			sourceTree = "<group>";
		};
		3416AC241DF0C6A100627EF6 /* View */ = {
			isa = PBXGroup;
			children = (
				3416AC281DF1447400627EF6 /* Main.storyboard */,
				3416ABF01DF0AE5800627EF6 /* Assets.xcassets */,
				3416ABF21DF0AE5800627EF6 /* LaunchScreen.storyboard */,
				340826E81DF7756D0060A44F /* MyProfileTableViewCell.swift */,
				34FED62B1DFA2C0200511082 /* RepoTableViewCell.swift */,
				34FED62F1DFA451900511082 /* UserCollectionViewCell.swift */,
			);
			name = View;
			sourceTree = "<group>";
		};
		3416AC251DF1264E00627EF6 /* Services */ = {
			isa = PBXGroup;
			children = (
				3416AC261DF1266900627EF6 /* OAuthService.swift */,
				340826DA1DF251140060A44F /* GithubService.swift */,
				340826DE1DF255610060A44F /* JSONParsingService.swift */,
				340826E21DF524000060A44F /* ImageDownloader.swift */,
				34FED6331DFB460900511082 /* ImageCache.swift */,
			);
			name = Services;
			sourceTree = "<group>";
		};
		34FED6291DFA1F1500511082 /* Sign in and Authentication */ = {
			isa = PBXGroup;
			children = (
				3416AC1F1DF0C1C700627EF6 /* OAuthViewController.swift */,
				3416AC211DF0C1F200627EF6 /* SignInViewController.swift */,
			);
			name = "Sign in and Authentication";
			sourceTree = "<group>";
		};
		34FED62A1DFA1F2D00511082 /* Search View Controllers */ = {
			isa = PBXGroup;
			children = (
				340826EA1DF8CC540060A44F /* GitHubSearchViewController.swift */,
				34FED6271DFA135500511082 /* RepoSearchUIViewController.swift */,
				34FED62D1DFA414800511082 /* UserSearchCollectionViewController.swift */,
			);
			name = "Search View Controllers";
			sourceTree = "<group>";
		};
		34FED6351DFBA27D00511082 /* Profile View Controllers */ = {
			isa = PBXGroup;
			children = (
				340826D81DF243CF0060A44F /* MyProfileViewController.swift */,
				34FED6361DFBA29900511082 /* UserViewController.swift */,
			);
			name = "Profile View Controllers";
			sourceTree = "<group>";
		};
/* End PBXGroup section */

/* Begin PBXNativeTarget section */
		3416ABE51DF0AE5800627EF6 /* GithubClient */ = {
			isa = PBXNativeTarget;
			buildConfigurationList = 3416AC0E1DF0AE5800627EF6 /* Build configuration list for PBXNativeTarget "GithubClient" */;
			buildPhases = (
				3416ABE21DF0AE5800627EF6 /* Sources */,
				3416ABE31DF0AE5800627EF6 /* Frameworks */,
				3416ABE41DF0AE5800627EF6 /* Resources */,
			);
			buildRules = (
			);
			dependencies = (
			);
			name = GithubClient;
			productName = GithubClient;
			productReference = 3416ABE61DF0AE5800627EF6 /* GithubClient.app */;
			productType = "com.apple.product-type.application";
		};
		3416ABF91DF0AE5800627EF6 /* GithubClientTests */ = {
			isa = PBXNativeTarget;
			buildConfigurationList = 3416AC111DF0AE5800627EF6 /* Build configuration list for PBXNativeTarget "GithubClientTests" */;
			buildPhases = (
				3416ABF61DF0AE5800627EF6 /* Sources */,
				3416ABF71DF0AE5800627EF6 /* Frameworks */,
				3416ABF81DF0AE5800627EF6 /* Resources */,
			);
			buildRules = (
			);
			dependencies = (
				3416ABFC1DF0AE5800627EF6 /* PBXTargetDependency */,
			);
			name = GithubClientTests;
			productName = GithubClientTests;
			productReference = 3416ABFA1DF0AE5800627EF6 /* GithubClientTests.xctest */;
			productType = "com.apple.product-type.bundle.unit-test";
		};
		3416AC041DF0AE5800627EF6 /* GithubClientUITests */ = {
			isa = PBXNativeTarget;
			buildConfigurationList = 3416AC141DF0AE5800627EF6 /* Build configuration list for PBXNativeTarget "GithubClientUITests" */;
			buildPhases = (
				3416AC011DF0AE5800627EF6 /* Sources */,
				3416AC021DF0AE5800627EF6 /* Frameworks */,
				3416AC031DF0AE5800627EF6 /* Resources */,
			);
			buildRules = (
			);
			dependencies = (
				3416AC071DF0AE5800627EF6 /* PBXTargetDependency */,
			);
			name = GithubClientUITests;
			productName = GithubClientUITests;
			productReference = 3416AC051DF0AE5800627EF6 /* GithubClientUITests.xctest */;
			productType = "com.apple.product-type.bundle.ui-testing";
		};
/* End PBXNativeTarget section */

/* Begin PBXProject section */
		3416ABDE1DF0AE5800627EF6 /* Project object */ = {
			isa = PBXProject;
			attributes = {
				LastSwiftUpdateCheck = 0810;
				LastUpgradeCheck = 0810;
				ORGANIZATIONNAME = "Matthew Loh";
				TargetAttributes = {
					3416ABE51DF0AE5800627EF6 = {
						CreatedOnToolsVersion = 8.1;
						DevelopmentTeam = VY8QJTK3VG;
						ProvisioningStyle = Automatic;
					};
					3416ABF91DF0AE5800627EF6 = {
						CreatedOnToolsVersion = 8.1;
						DevelopmentTeam = VY8QJTK3VG;
						ProvisioningStyle = Automatic;
						TestTargetID = 3416ABE51DF0AE5800627EF6;
					};
					3416AC041DF0AE5800627EF6 = {
						CreatedOnToolsVersion = 8.1;
						DevelopmentTeam = VY8QJTK3VG;
						ProvisioningStyle = Automatic;
						TestTargetID = 3416ABE51DF0AE5800627EF6;
					};
				};
			};
			buildConfigurationList = 3416ABE11DF0AE5800627EF6 /* Build configuration list for PBXProject "GithubClient" */;
			compatibilityVersion = "Xcode 3.2";
			developmentRegion = English;
			hasScannedForEncodings = 0;
			knownRegions = (
				en,
				Base,
			);
			mainGroup = 3416ABDD1DF0AE5800627EF6;
			productRefGroup = 3416ABE71DF0AE5800627EF6 /* Products */;
			projectDirPath = "";
			projectRoot = "";
			targets = (
				3416ABE51DF0AE5800627EF6 /* GithubClient */,
				3416ABF91DF0AE5800627EF6 /* GithubClientTests */,
				3416AC041DF0AE5800627EF6 /* GithubClientUITests */,
			);
		};
/* End PBXProject section */

/* Begin PBXResourcesBuildPhase section */
		3416ABE41DF0AE5800627EF6 /* Resources */ = {
			isa = PBXResourcesBuildPhase;
			buildActionMask = 2147483647;
			files = (
				3416ABF41DF0AE5800627EF6 /* LaunchScreen.storyboard in Resources */,
				3416ABF11DF0AE5800627EF6 /* Assets.xcassets in Resources */,
				3416AC291DF1447400627EF6 /* Main.storyboard in Resources */,
			);
			runOnlyForDeploymentPostprocessing = 0;
		};
		3416ABF81DF0AE5800627EF6 /* Resources */ = {
			isa = PBXResourcesBuildPhase;
			buildActionMask = 2147483647;
			files = (
			);
			runOnlyForDeploymentPostprocessing = 0;
		};
		3416AC031DF0AE5800627EF6 /* Resources */ = {
			isa = PBXResourcesBuildPhase;
			buildActionMask = 2147483647;
			files = (
			);
			runOnlyForDeploymentPostprocessing = 0;
		};
/* End PBXResourcesBuildPhase section */

/* Begin PBXSourcesBuildPhase section */
		3416ABE21DF0AE5800627EF6 /* Sources */ = {
			isa = PBXSourcesBuildPhase;
			buildActionMask = 2147483647;
			files = (
				340826EF1DF8E45C0060A44F /* Repos.swift in Sources */,
				34FED62C1DFA2C0200511082 /* RepoTableViewCell.swift in Sources */,
				340826DF1DF255610060A44F /* JSONParsingService.swift in Sources */,
				34FED6371DFBA29900511082 /* UserViewController.swift in Sources */,
				340826E91DF7756D0060A44F /* MyProfileTableViewCell.swift in Sources */,
				340826D91DF243CF0060A44F /* MyProfileViewController.swift in Sources */,
				340826EB1DF8CC540060A44F /* GitHubSearchViewController.swift in Sources */,
				340826DD1DF252930060A44F /* MyProfile.swift in Sources */,
				34FED62E1DFA414800511082 /* UserSearchCollectionViewController.swift in Sources */,
				340826E51DF530850060A44F /* MyProfileRepos.swift in Sources */,
				340826ED1DF8E44C0060A44F /* User.swift in Sources */,
				34FED6281DFA135500511082 /* RepoSearchUIViewController.swift in Sources */,
				3416AC221DF0C1F200627EF6 /* SignInViewController.swift in Sources */,
				34FED6341DFB460900511082 /* ImageCache.swift in Sources */,
				3416ABEA1DF0AE5800627EF6 /* AppDelegate.swift in Sources */,
				34FED6301DFA451900511082 /* UserCollectionViewCell.swift in Sources */,
				340826DB1DF251140060A44F /* GithubService.swift in Sources */,
				340826E31DF524000060A44F /* ImageDownloader.swift in Sources */,
				34FED6321DFA481A00511082 /* UserSearch.swift in Sources */,
				3416AC271DF1266900627EF6 /* OAuthService.swift in Sources */,
				3416AC201DF0C1C700627EF6 /* OAuthViewController.swift in Sources */,
				3416AC1B1DF0B85C00627EF6 /* Keys.swift in Sources */,
			);
			runOnlyForDeploymentPostprocessing = 0;
		};
		3416ABF61DF0AE5800627EF6 /* Sources */ = {
			isa = PBXSourcesBuildPhase;
			buildActionMask = 2147483647;
			files = (
				3416ABFF1DF0AE5800627EF6 /* GithubClientTests.swift in Sources */,
			);
			runOnlyForDeploymentPostprocessing = 0;
		};
		3416AC011DF0AE5800627EF6 /* Sources */ = {
			isa = PBXSourcesBuildPhase;
			buildActionMask = 2147483647;
			files = (
				3416AC0A1DF0AE5800627EF6 /* GithubClientUITests.swift in Sources */,
			);
			runOnlyForDeploymentPostprocessing = 0;
		};
/* End PBXSourcesBuildPhase section */

/* Begin PBXTargetDependency section */
		3416ABFC1DF0AE5800627EF6 /* PBXTargetDependency */ = {
			isa = PBXTargetDependency;
			target = 3416ABE51DF0AE5800627EF6 /* GithubClient */;
			targetProxy = 3416ABFB1DF0AE5800627EF6 /* PBXContainerItemProxy */;
		};
		3416AC071DF0AE5800627EF6 /* PBXTargetDependency */ = {
			isa = PBXTargetDependency;
			target = 3416ABE51DF0AE5800627EF6 /* GithubClient */;
			targetProxy = 3416AC061DF0AE5800627EF6 /* PBXContainerItemProxy */;
		};
/* End PBXTargetDependency section */

/* Begin PBXVariantGroup section */
		3416ABF21DF0AE5800627EF6 /* LaunchScreen.storyboard */ = {
			isa = PBXVariantGroup;
			children = (
				3416ABF31DF0AE5800627EF6 /* Base */,
			);
			name = LaunchScreen.storyboard;
			sourceTree = "<group>";
		};
/* End PBXVariantGroup section */

/* Begin XCBuildConfiguration section */
		3416AC0C1DF0AE5800627EF6 /* Debug */ = {
			isa = XCBuildConfiguration;
			buildSettings = {
				ALWAYS_SEARCH_USER_PATHS = NO;
				CLANG_ANALYZER_NONNULL = YES;
				CLANG_CXX_LANGUAGE_STANDARD = "gnu++0x";
				CLANG_CXX_LIBRARY = "libc++";
				CLANG_ENABLE_MODULES = YES;
				CLANG_ENABLE_OBJC_ARC = YES;
				CLANG_WARN_BOOL_CONVERSION = YES;
				CLANG_WARN_CONSTANT_CONVERSION = YES;
				CLANG_WARN_DIRECT_OBJC_ISA_USAGE = YES_ERROR;
				CLANG_WARN_DOCUMENTATION_COMMENTS = YES;
				CLANG_WARN_EMPTY_BODY = YES;
				CLANG_WARN_ENUM_CONVERSION = YES;
				CLANG_WARN_INFINITE_RECURSION = YES;
				CLANG_WARN_INT_CONVERSION = YES;
				CLANG_WARN_OBJC_ROOT_CLASS = YES_ERROR;
				CLANG_WARN_SUSPICIOUS_MOVES = YES;
				CLANG_WARN_UNREACHABLE_CODE = YES;
				CLANG_WARN__DUPLICATE_METHOD_MATCH = YES;
				"CODE_SIGN_IDENTITY[sdk=iphoneos*]" = "iPhone Developer";
				COPY_PHASE_STRIP = NO;
				DEBUG_INFORMATION_FORMAT = dwarf;
				ENABLE_STRICT_OBJC_MSGSEND = YES;
				ENABLE_TESTABILITY = YES;
				GCC_C_LANGUAGE_STANDARD = gnu99;
				GCC_DYNAMIC_NO_PIC = NO;
				GCC_NO_COMMON_BLOCKS = YES;
				GCC_OPTIMIZATION_LEVEL = 0;
				GCC_PREPROCESSOR_DEFINITIONS = (
					"DEBUG=1",
					"$(inherited)",
				);
				GCC_WARN_64_TO_32_BIT_CONVERSION = YES;
				GCC_WARN_ABOUT_RETURN_TYPE = YES_ERROR;
				GCC_WARN_UNDECLARED_SELECTOR = YES;
				GCC_WARN_UNINITIALIZED_AUTOS = YES_AGGRESSIVE;
				GCC_WARN_UNUSED_FUNCTION = YES;
				GCC_WARN_UNUSED_VARIABLE = YES;
				IPHONEOS_DEPLOYMENT_TARGET = 10.1;
				MTL_ENABLE_DEBUG_INFO = YES;
				ONLY_ACTIVE_ARCH = YES;
				SDKROOT = iphoneos;
				SWIFT_ACTIVE_COMPILATION_CONDITIONS = DEBUG;
				SWIFT_OPTIMIZATION_LEVEL = "-Onone";
				TARGETED_DEVICE_FAMILY = "1,2";
			};
			name = Debug;
		};
		3416AC0D1DF0AE5800627EF6 /* Release */ = {
			isa = XCBuildConfiguration;
			buildSettings = {
				ALWAYS_SEARCH_USER_PATHS = NO;
				CLANG_ANALYZER_NONNULL = YES;
				CLANG_CXX_LANGUAGE_STANDARD = "gnu++0x";
				CLANG_CXX_LIBRARY = "libc++";
				CLANG_ENABLE_MODULES = YES;
				CLANG_ENABLE_OBJC_ARC = YES;
				CLANG_WARN_BOOL_CONVERSION = YES;
				CLANG_WARN_CONSTANT_CONVERSION = YES;
				CLANG_WARN_DIRECT_OBJC_ISA_USAGE = YES_ERROR;
				CLANG_WARN_DOCUMENTATION_COMMENTS = YES;
				CLANG_WARN_EMPTY_BODY = YES;
				CLANG_WARN_ENUM_CONVERSION = YES;
				CLANG_WARN_INFINITE_RECURSION = YES;
				CLANG_WARN_INT_CONVERSION = YES;
				CLANG_WARN_OBJC_ROOT_CLASS = YES_ERROR;
				CLANG_WARN_SUSPICIOUS_MOVES = YES;
				CLANG_WARN_UNREACHABLE_CODE = YES;
				CLANG_WARN__DUPLICATE_METHOD_MATCH = YES;
				"CODE_SIGN_IDENTITY[sdk=iphoneos*]" = "iPhone Developer";
				COPY_PHASE_STRIP = NO;
				DEBUG_INFORMATION_FORMAT = "dwarf-with-dsym";
				ENABLE_NS_ASSERTIONS = NO;
				ENABLE_STRICT_OBJC_MSGSEND = YES;
				GCC_C_LANGUAGE_STANDARD = gnu99;
				GCC_NO_COMMON_BLOCKS = YES;
				GCC_WARN_64_TO_32_BIT_CONVERSION = YES;
				GCC_WARN_ABOUT_RETURN_TYPE = YES_ERROR;
				GCC_WARN_UNDECLARED_SELECTOR = YES;
				GCC_WARN_UNINITIALIZED_AUTOS = YES_AGGRESSIVE;
				GCC_WARN_UNUSED_FUNCTION = YES;
				GCC_WARN_UNUSED_VARIABLE = YES;
				IPHONEOS_DEPLOYMENT_TARGET = 10.1;
				MTL_ENABLE_DEBUG_INFO = NO;
				SDKROOT = iphoneos;
				SWIFT_OPTIMIZATION_LEVEL = "-Owholemodule";
				TARGETED_DEVICE_FAMILY = "1,2";
				VALIDATE_PRODUCT = YES;
			};
			name = Release;
		};
		3416AC0F1DF0AE5800627EF6 /* Debug */ = {
			isa = XCBuildConfiguration;
			buildSettings = {
				ASSETCATALOG_COMPILER_APPICON_NAME = AppIcon;
				DEVELOPMENT_TEAM = VY8QJTK3VG;
				INFOPLIST_FILE = GithubClient/Info.plist;
				LD_RUNPATH_SEARCH_PATHS = "$(inherited) @executable_path/Frameworks";
				PRODUCT_BUNDLE_IDENTIFIER = com.mattloh.GithubClient;
				PRODUCT_NAME = "$(TARGET_NAME)";
				SWIFT_VERSION = 3.0;
			};
			name = Debug;
		};
		3416AC101DF0AE5800627EF6 /* Release */ = {
			isa = XCBuildConfiguration;
			buildSettings = {
				ASSETCATALOG_COMPILER_APPICON_NAME = AppIcon;
				DEVELOPMENT_TEAM = VY8QJTK3VG;
				INFOPLIST_FILE = GithubClient/Info.plist;
				LD_RUNPATH_SEARCH_PATHS = "$(inherited) @executable_path/Frameworks";
				PRODUCT_BUNDLE_IDENTIFIER = com.mattloh.GithubClient;
				PRODUCT_NAME = "$(TARGET_NAME)";
				SWIFT_VERSION = 3.0;
			};
			name = Release;
		};
		3416AC121DF0AE5800627EF6 /* Debug */ = {
			isa = XCBuildConfiguration;
			buildSettings = {
				ALWAYS_EMBED_SWIFT_STANDARD_LIBRARIES = YES;
				BUNDLE_LOADER = "$(TEST_HOST)";
				DEVELOPMENT_TEAM = VY8QJTK3VG;
				INFOPLIST_FILE = GithubClientTests/Info.plist;
				LD_RUNPATH_SEARCH_PATHS = "$(inherited) @executable_path/Frameworks @loader_path/Frameworks";
				PRODUCT_BUNDLE_IDENTIFIER = com.mattloh.GithubClientTests;
				PRODUCT_NAME = "$(TARGET_NAME)";
				SWIFT_VERSION = 3.0;
				TEST_HOST = "$(BUILT_PRODUCTS_DIR)/GithubClient.app/GithubClient";
			};
			name = Debug;
		};
		3416AC131DF0AE5800627EF6 /* Release */ = {
			isa = XCBuildConfiguration;
			buildSettings = {
				ALWAYS_EMBED_SWIFT_STANDARD_LIBRARIES = YES;
				BUNDLE_LOADER = "$(TEST_HOST)";
				DEVELOPMENT_TEAM = VY8QJTK3VG;
				INFOPLIST_FILE = GithubClientTests/Info.plist;
				LD_RUNPATH_SEARCH_PATHS = "$(inherited) @executable_path/Frameworks @loader_path/Frameworks";
				PRODUCT_BUNDLE_IDENTIFIER = com.mattloh.GithubClientTests;
				PRODUCT_NAME = "$(TARGET_NAME)";
				SWIFT_VERSION = 3.0;
				TEST_HOST = "$(BUILT_PRODUCTS_DIR)/GithubClient.app/GithubClient";
			};
			name = Release;
		};
		3416AC151DF0AE5800627EF6 /* Debug */ = {
			isa = XCBuildConfiguration;
			buildSettings = {
				ALWAYS_EMBED_SWIFT_STANDARD_LIBRARIES = YES;
				DEVELOPMENT_TEAM = VY8QJTK3VG;
				INFOPLIST_FILE = GithubClientUITests/Info.plist;
				LD_RUNPATH_SEARCH_PATHS = "$(inherited) @executable_path/Frameworks @loader_path/Frameworks";
				PRODUCT_BUNDLE_IDENTIFIER = com.mattloh.GithubClientUITests;
				PRODUCT_NAME = "$(TARGET_NAME)";
				SWIFT_VERSION = 3.0;
				TEST_TARGET_NAME = GithubClient;
			};
			name = Debug;
		};
		3416AC161DF0AE5800627EF6 /* Release */ = {
			isa = XCBuildConfiguration;
			buildSettings = {
				ALWAYS_EMBED_SWIFT_STANDARD_LIBRARIES = YES;
				DEVELOPMENT_TEAM = VY8QJTK3VG;
				INFOPLIST_FILE = GithubClientUITests/Info.plist;
				LD_RUNPATH_SEARCH_PATHS = "$(inherited) @executable_path/Frameworks @loader_path/Frameworks";
				PRODUCT_BUNDLE_IDENTIFIER = com.mattloh.GithubClientUITests;
				PRODUCT_NAME = "$(TARGET_NAME)";
				SWIFT_VERSION = 3.0;
				TEST_TARGET_NAME = GithubClient;
			};
			name = Release;
		};
/* End XCBuildConfiguration section */

/* Begin XCConfigurationList section */
		3416ABE11DF0AE5800627EF6 /* Build configuration list for PBXProject "GithubClient" */ = {
			isa = XCConfigurationList;
			buildConfigurations = (
				3416AC0C1DF0AE5800627EF6 /* Debug */,
				3416AC0D1DF0AE5800627EF6 /* Release */,
			);
			defaultConfigurationIsVisible = 0;
			defaultConfigurationName = Release;
		};
		3416AC0E1DF0AE5800627EF6 /* Build configuration list for PBXNativeTarget "GithubClient" */ = {
			isa = XCConfigurationList;
			buildConfigurations = (
				3416AC0F1DF0AE5800627EF6 /* Debug */,
				3416AC101DF0AE5800627EF6 /* Release */,
			);
			defaultConfigurationIsVisible = 0;
			defaultConfigurationName = Release;
		};
		3416AC111DF0AE5800627EF6 /* Build configuration list for PBXNativeTarget "GithubClientTests" */ = {
			isa = XCConfigurationList;
			buildConfigurations = (
				3416AC121DF0AE5800627EF6 /* Debug */,
				3416AC131DF0AE5800627EF6 /* Release */,
			);
			defaultConfigurationIsVisible = 0;
			defaultConfigurationName = Release;
		};
		3416AC141DF0AE5800627EF6 /* Build configuration list for PBXNativeTarget "GithubClientUITests" */ = {
			isa = XCConfigurationList;
			buildConfigurations = (
				3416AC151DF0AE5800627EF6 /* Debug */,
				3416AC161DF0AE5800627EF6 /* Release */,
			);
			defaultConfigurationIsVisible = 0;
			defaultConfigurationName = Release;
		};
/* End XCConfigurationList section */
	};
	rootObject = 3416ABDE1DF0AE5800627EF6 /* Project object */;
}
